{
  "name": "setad-print-bridge",
  "lockfileVersion": 3,
  "requires": true,
  "packages": {
    "": {
      "name": "setad-print-bridge",
      "optionalDependencies": {
        "pdf-to-printer": "^5.6.0"
      }
    },
    "node_modules/pdf-to-printer": {
      "version": "5.8.1",
      "resolved": "https://registry.npmjs.org/pdf-to-printer/-/pdf-to-printer-5.8.1.tgz",
      "integrity": "sha512-bVMrGbBiVw8G/z0b28DhMguoJa8rqbVcbfLtpQzGUJ7eaq188JA2AxsFeuFQwWxAvMCa1Hyh8vXc2QybQVrPrw==",
      "license": "MIT",
      "optional": true
    }
  }
}
